PODS:
  - PodigeeEmbedKit (1.0.0):
    - PodigeeEmbedKit/Core (= 1.0.0)
  - PodigeeEmbedKit/Core (1.0.0)

DEPENDENCIES:
  - PodigeeEmbedKit (from `https://github.com/podigee/PodigeeEmbedKit.git`, branch `master`)

EXTERNAL SOURCES:
  PodigeeEmbedKit:
    :branch: master
    :git: https://github.com/podigee/PodigeeEmbedKit.git

CHECKOUT OPTIONS:
  PodigeeEmbedKit:
    :commit: 3905aec26cb161d2754e7fc3a9f75e32ba90437c
    :git: https://github.com/podigee/PodigeeEmbedKit.git

SPEC CHECKSUMS:
  PodigeeEmbedKit: 3f81cfab64bf20e84873e5617bee22d86802eece

PODFILE CHECKSUM: 2a6ff90863a4636647f4481680ec5d782d39d271

COCOAPODS: 1.5.3
