// !$*UTF8*$!
{
	archiveVersion = 1;
	classes = {
	};
	objectVersion = 50;
	objects = {

/* Begin PBXBuildFile section */
		DD515835273D8C0511DD8D8E /* Pods_PodigeeEmbedKitDemo.framework in Frameworks */ = {isa = PBXBuildFile; fileRef = 1AD5A73B42C18A7D093C7815 /* Pods_PodigeeEmbedKitDemo.framework */; };
		F89E02C321A5538E00BB53C7 /* AppDelegate.swift in Sources */ = {isa = PBXBuildFile; fileRef = F89E02C221A5538E00BB53C7 /* AppDelegate.swift */; };
		F89E02C521A5538E00BB53C7 /* ViewController.swift in Sources */ = {isa = PBXBuildFile; fileRef = F89E02C421A5538E00BB53C7 /* ViewController.swift */; };
		F89E02C821A5538E00BB53C7 /* Main.storyboard in Resources */ = {isa = PBXBuildFile; fileRef = F89E02C621A5538E00BB53C7 /* Main.storyboard */; };
		F89E02CA21A5539000BB53C7 /* Assets.xcassets in Resources */ = {isa = PBXBuildFile; fileRef = F89E02C921A5539000BB53C7 /* Assets.xcassets */; };
		F89E02CD21A5539000BB53C7 /* LaunchScreen.storyboard in Resources */ = {isa = PBXBuildFile; fileRef = F89E02CB21A5539000BB53C7 /* LaunchScreen.storyboard */; };
/* End PBXBuildFile section */

/* Begin PBXFileReference section */
		1AD5A73B42C18A7D093C7815 /* Pods_PodigeeEmbedKitDemo.framework */ = {isa = PBXFileReference; explicitFileType = wrapper.framework; includeInIndex = 0; path = Pods_PodigeeEmbedKitDemo.framework; sourceTree = BUILT_PRODUCTS_DIR; };
		6387F81DE520EBD763FF8AA4 /* Pods-PodigeeEmbedKitDemo.release.xcconfig */ = {isa = PBXFileReference; includeInIndex = 1; lastKnownFileType = text.xcconfig; name = "Pods-PodigeeEmbedKitDemo.release.xcconfig"; path = "Pods/Target Support Files/Pods-PodigeeEmbedKitDemo/Pods-PodigeeEmbedKitDemo.release.xcconfig"; sourceTree = "<group>"; };
		7105CE4B960862BEE5EC7D69 /* Pods-PodigeeEmbedKitDemo.debug.xcconfig */ = {isa = PBXFileReference; includeInIndex = 1; lastKnownFileType = text.xcconfig; name = "Pods-PodigeeEmbedKitDemo.debug.xcconfig"; path = "Pods/Target Support Files/Pods-PodigeeEmbedKitDemo/Pods-PodigeeEmbedKitDemo.debug.xcconfig"; sourceTree = "<group>"; };
		F89E02BF21A5538E00BB53C7 /* PodigeeEmbedKitDemo.app */ = {isa = PBXFileReference; explicitFileType = wrapper.application; includeInIndex = 0; path = PodigeeEmbedKitDemo.app; sourceTree = BUILT_PRODUCTS_DIR; };
		F89E02C221A5538E00BB53C7 /* AppDelegate.swift */ = {isa = PBXFileReference; lastKnownFileType = sourcecode.swift; path = AppDelegate.swift; sourceTree = "<group>"; };
		F89E02C421A5538E00BB53C7 /* ViewController.swift */ = {isa = PBXFileReference; lastKnownFileType = sourcecode.swift; path = ViewController.swift; sourceTree = "<group>"; };
		F89E02C721A5538E00BB53C7 /* Base */ = {isa = PBXFileReference; lastKnownFileType = file.storyboard; name = Base; path = Base.lproj/Main.storyboard; sourceTree = "<group>"; };
		F89E02C921A5539000BB53C7 /* Assets.xcassets */ = {isa = PBXFileReference; lastKnownFileType = folder.assetcatalog; path = Assets.xcassets; sourceTree = "<group>"; };
		F89E02CC21A5539000BB53C7 /* Base */ = {isa = PBXFileReference; lastKnownFileType = file.storyboard; name = Base; path = Base.lproj/LaunchScreen.storyboard; sourceTree = "<group>"; };
		F89E02CE21A5539000BB53C7 /* Info.plist */ = {isa = PBXFileReference; lastKnownFileType = text.plist.xml; path = Info.plist; sourceTree = "<group>"; };
/* End PBXFileReference section */

/* Begin PBXFrameworksBuildPhase section */
		F89E02BC21A5538E00BB53C7 /* Frameworks */ = {
			isa = PBXFrameworksBuildPhase;
			buildActionMask = 2147483647;
			files = (
				DD515835273D8C0511DD8D8E /* Pods_PodigeeEmbedKitDemo.framework in Frameworks */,
			);
			runOnlyForDeploymentPostprocessing = 0;
		};
/* End PBXFrameworksBuildPhase section */

/* Begin PBXGroup section */
		7AE65D52A36044A5C7525711 /* Frameworks */ = {
			isa = PBXGroup;
			children = (
				1AD5A73B42C18A7D093C7815 /* Pods_PodigeeEmbedKitDemo.framework */,
			);
			name = Frameworks;
			sourceTree = "<group>";
		};
		926D2F1A034169ED9D6B3952 /* Pods */ = {
			isa = PBXGroup;
			children = (
				7105CE4B960862BEE5EC7D69 /* Pods-PodigeeEmbedKitDemo.debug.xcconfig */,
				6387F81DE520EBD763FF8AA4 /* Pods-PodigeeEmbedKitDemo.release.xcconfig */,
			);
			name = Pods;
			sourceTree = "<group>";
		};
		F89E02B621A5538E00BB53C7 = {
			isa = PBXGroup;
			children = (
				F89E02C121A5538E00BB53C7 /* PodigeeEmbedKitDemo */,
				F89E02C021A5538E00BB53C7 /* Products */,
				926D2F1A034169ED9D6B3952 /* Pods */,
				7AE65D52A36044A5C7525711 /* Frameworks */,
			);
			sourceTree = "<group>";
		};
		F89E02C021A5538E00BB53C7 /* Products */ = {
			isa = PBXGroup;
			children = (
				F89E02BF21A5538E00BB53C7 /* PodigeeEmbedKitDemo.app */,
			);
			name = Products;
			sourceTree = "<group>";
		};
		F89E02C121A5538E00BB53C7 /* PodigeeEmbedKitDemo */ = {
			isa = PBXGroup;
			children = (
				F89E02C221A5538E00BB53C7 /* AppDelegate.swift */,
				F89E02C421A5538E00BB53C7 /* ViewController.swift */,
				F89E02C621A5538E00BB53C7 /* Main.storyboard */,
				F89E02C921A5539000BB53C7 /* Assets.xcassets */,
				F89E02CB21A5539000BB53C7 /* LaunchScreen.storyboard */,
				F89E02CE21A5539000BB53C7 /* Info.plist */,
			);
			path = PodigeeEmbedKitDemo;
			sourceTree = "<group>";
		};
/* End PBXGroup section */

/* Begin PBXNativeTarget section */
		F89E02BE21A5538E00BB53C7 /* PodigeeEmbedKitDemo */ = {
			isa = PBXNativeTarget;
			buildConfigurationList = F89E02D121A5539000BB53C7 /* Build configuration list for PBXNativeTarget "PodigeeEmbedKitDemo" */;
			buildPhases = (
				37D0BD681CECFC90DDCEE7D1 /* [CP] Check Pods Manifest.lock */,
				F89E02BB21A5538E00BB53C7 /* Sources */,
				F89E02BC21A5538E00BB53C7 /* Frameworks */,
				F89E02BD21A5538E00BB53C7 /* Resources */,
				7464188573A30FBEDFEEA3AD /* [CP] Embed Pods Frameworks */,
			);
			buildRules = (
			);
			dependencies = (
			);
			name = PodigeeEmbedKitDemo;
			productName = PodigeeEmbedKitDemo;
			productReference = F89E02BF21A5538E00BB53C7 /* PodigeeEmbedKitDemo.app */;
			productType = "com.apple.product-type.application";
		};
/* End PBXNativeTarget section */

/* Begin PBXProject section */
		F89E02B721A5538E00BB53C7 /* Project object */ = {
			isa = PBXProject;
			attributes = {
				LastSwiftUpdateCheck = 1010;
				LastUpgradeCheck = 1010;
				ORGANIZATIONNAME = Podigee;
				TargetAttributes = {
					F89E02BE21A5538E00BB53C7 = {
						CreatedOnToolsVersion = 10.1;
					};
				};
			};
			buildConfigurationList = F89E02BA21A5538E00BB53C7 /* Build configuration list for PBXProject "PodigeeEmbedKitDemo" */;
			compatibilityVersion = "Xcode 9.3";
			developmentRegion = en;
			hasScannedForEncodings = 0;
			knownRegions = (
				en,
				Base,
			);
			mainGroup = F89E02B621A5538E00BB53C7;
			productRefGroup = F89E02C021A5538E00BB53C7 /* Products */;
			projectDirPath = "";
			projectRoot = "";
			targets = (
				F89E02BE21A5538E00BB53C7 /* PodigeeEmbedKitDemo */,
			);
		};
/* End PBXProject section */

/* Begin PBXResourcesBuildPhase section */
		F89E02BD21A5538E00BB53C7 /* Resources */ = {
			isa = PBXResourcesBuildPhase;
			buildActionMask = 2147483647;
			files = (
				F89E02CD21A5539000BB53C7 /* LaunchScreen.storyboard in Resources */,
				F89E02CA21A5539000BB53C7 /* Assets.xcassets in Resources */,
				F89E02C821A5538E00BB53C7 /* Main.storyboard in Resources */,
			);
			runOnlyForDeploymentPostprocessing = 0;
		};
/* End PBXResourcesBuildPhase section */

/* Begin PBXShellScriptBuildPhase section */
		37D0BD681CECFC90DDCEE7D1 /* [CP] Check Pods Manifest.lock */ = {
			isa = PBXShellScriptBuildPhase;
			buildActionMask = 2147483647;
			files = (
			);
			inputFileListPaths = (
			);
			inputPaths = (
				"${PODS_PODFILE_DIR_PATH}/Podfile.lock",
				"${PODS_ROOT}/Manifest.lock",
			);
			name = "[CP] Check Pods Manifest.lock";
			outputFileListPaths = (
			);
			outputPaths = (
				"$(DERIVED_FILE_DIR)/Pods-PodigeeEmbedKitDemo-checkManifestLockResult.txt",
			);
			runOnlyForDeploymentPostprocessing = 0;
			shellPath = /bin/sh;
			shellScript = "diff \"${PODS_PODFILE_DIR_PATH}/Podfile.lock\" \"${PODS_ROOT}/Manifest.lock\" > /dev/null\nif [ $? != 0 ] ; then\n    # print error to STDERR\n    echo \"error: The sandbox is not in sync with the Podfile.lock. Run 'pod install' or update your CocoaPods installation.\" >&2\n    exit 1\nfi\n# This output is used by Xcode 'outputs' to avoid re-running this script phase.\necho \"SUCCESS\" > \"${SCRIPT_OUTPUT_FILE_0}\"\n";
			showEnvVarsInLog = 0;
		};
		7464188573A30FBEDFEEA3AD /* [CP] Embed Pods Frameworks */ = {
			isa = PBXShellScriptBuildPhase;
			buildActionMask = 2147483647;
			files = (
			);
			inputFileListPaths = (
			);
			inputPaths = (
				"${PODS_ROOT}/Target Support Files/Pods-PodigeeEmbedKitDemo/Pods-PodigeeEmbedKitDemo-frameworks.sh",
				"${BUILT_PRODUCTS_DIR}/PodigeeEmbedKit/PodigeeEmbedKit.framework",
			);
			name = "[CP] Embed Pods Frameworks";
			outputFileListPaths = (
			);
			outputPaths = (
				"${TARGET_BUILD_DIR}/${FRAMEWORKS_FOLDER_PATH}/PodigeeEmbedKit.framework",
			);
			runOnlyForDeploymentPostprocessing = 0;
			shellPath = /bin/sh;
			shellScript = "\"${PODS_ROOT}/Target Support Files/Pods-PodigeeEmbedKitDemo/Pods-PodigeeEmbedKitDemo-frameworks.sh\"\n";
			showEnvVarsInLog = 0;
		};
/* End PBXShellScriptBuildPhase section */

/* Begin PBXSourcesBuildPhase section */
		F89E02BB21A5538E00BB53C7 /* Sources */ = {
			isa = PBXSourcesBuildPhase;
			buildActionMask = 2147483647;
			files = (
				F89E02C521A5538E00BB53C7 /* ViewController.swift in Sources */,
				F89E02C321A5538E00BB53C7 /* AppDelegate.swift in Sources */,
			);
			runOnlyForDeploymentPostprocessing = 0;
		};
/* End PBXSourcesBuildPhase section */

/* Begin PBXVariantGroup section */
		F89E02C621A5538E00BB53C7 /* Main.storyboard */ = {
			isa = PBXVariantGroup;
			children = (
				F89E02C721A5538E00BB53C7 /* Base */,
			);
			name = Main.storyboard;
			sourceTree = "<group>";
		};
		F89E02CB21A5539000BB53C7 /* LaunchScreen.storyboard */ = {
			isa = PBXVariantGroup;
			children = (
				F89E02CC21A5539000BB53C7 /* Base */,
			);
			name = LaunchScreen.storyboard;
			sourceTree = "<group>";
		};
/* End PBXVariantGroup section */

/* Begin XCBuildConfiguration section */
		F89E02CF21A5539000BB53C7 /* Debug */ = {
			isa = XCBuildConfiguration;
			buildSettings = {
				ALWAYS_SEARCH_USER_PATHS = NO;
				CLANG_ANALYZER_NONNULL = YES;
				CLANG_ANALYZER_NUMBER_OBJECT_CONVERSION = YES_AGGRESSIVE;
				CLANG_CXX_LANGUAGE_STANDARD = "gnu++14";
				CLANG_CXX_LIBRARY = "libc++";
				CLANG_ENABLE_MODULES = YES;
				CLANG_ENABLE_OBJC_ARC = YES;
				CLANG_ENABLE_OBJC_WEAK = YES;
				CLANG_WARN_BLOCK_CAPTURE_AUTORELEASING = YES;
				CLANG_WARN_BOOL_CONVERSION = YES;
				CLANG_WARN_COMMA = YES;
				CLANG_WARN_CONSTANT_CONVERSION = YES;
				CLANG_WARN_DEPRECATED_OBJC_IMPLEMENTATIONS = YES;
				CLANG_WARN_DIRECT_OBJC_ISA_USAGE = YES_ERROR;
				CLANG_WARN_DOCUMENTATION_COMMENTS = YES;
				CLANG_WARN_EMPTY_BODY = YES;
				CLANG_WARN_ENUM_CONVERSION = YES;
				CLANG_WARN_INFINITE_RECURSION = YES;
				CLANG_WARN_INT_CONVERSION = YES;
				CLANG_WARN_NON_LITERAL_NULL_CONVERSION = YES;
				CLANG_WARN_OBJC_IMPLICIT_RETAIN_SELF = YES;
				CLANG_WARN_OBJC_LITERAL_CONVERSION = YES;
				CLANG_WARN_OBJC_ROOT_CLASS = YES_ERROR;
				CLANG_WARN_RANGE_LOOP_ANALYSIS = YES;
				CLANG_WARN_STRICT_PROTOTYPES = YES;
				CLANG_WARN_SUSPICIOUS_MOVE = YES;
				CLANG_WARN_UNGUARDED_AVAILABILITY = YES_AGGRESSIVE;
				CLANG_WARN_UNREACHABLE_CODE = YES;
				CLANG_WARN__DUPLICATE_METHOD_MATCH = YES;
				CODE_SIGN_IDENTITY = "iPhone Developer";
				COPY_PHASE_STRIP = NO;
				DEBUG_INFORMATION_FORMAT = dwarf;
				ENABLE_STRICT_OBJC_MSGSEND = YES;
				ENABLE_TESTABILITY = YES;
				GCC_C_LANGUAGE_STANDARD = gnu11;
				GCC_DYNAMIC_NO_PIC = NO;
				GCC_NO_COMMON_BLOCKS = YES;
				GCC_OPTIMIZATION_LEVEL = 0;
				GCC_PREPROCESSOR_DEFINITIONS = (
					"DEBUG=1",
					"$(inherited)",
				);
				GCC_WARN_64_TO_32_BIT_CONVERSION = YES;
				GCC_WARN_ABOUT_RETURN_TYPE = YES_ERROR;
				GCC_WARN_UNDECLARED_SELECTOR = YES;
				GCC_WARN_UNINITIALIZED_AUTOS = YES_AGGRESSIVE;
				GCC_WARN_UNUSED_FUNCTION = YES;
				GCC_WARN_UNUSED_VARIABLE = YES;
				IPHONEOS_DEPLOYMENT_TARGET = 12.1;
				MTL_ENABLE_DEBUG_INFO = INCLUDE_SOURCE;
				MTL_FAST_MATH = YES;
				ONLY_ACTIVE_ARCH = YES;
				SDKROOT = iphoneos;
				SWIFT_ACTIVE_COMPILATION_CONDITIONS = DEBUG;
				SWIFT_OPTIMIZATION_LEVEL = "-Onone";
			};
			name = Debug;
		};
		F89E02D021A5539000BB53C7 /* Release */ = {
			isa = XCBuildConfiguration;
			buildSettings = {
				ALWAYS_SEARCH_USER_PATHS = NO;
				CLANG_ANALYZER_NONNULL = YES;
				CLANG_ANALYZER_NUMBER_OBJECT_CONVERSION = YES_AGGRESSIVE;
				CLANG_CXX_LANGUAGE_STANDARD = "gnu++14";
				CLANG_CXX_LIBRARY = "libc++";
				CLANG_ENABLE_MODULES = YES;
				CLANG_ENABLE_OBJC_ARC = YES;
				CLANG_ENABLE_OBJC_WEAK = YES;
				CLANG_WARN_BLOCK_CAPTURE_AUTORELEASING = YES;
				CLANG_WARN_BOOL_CONVERSION = YES;
				CLANG_WARN_COMMA = YES;
				CLANG_WARN_CONSTANT_CONVERSION = YES;
				CLANG_WARN_DEPRECATED_OBJC_IMPLEMENTATIONS = YES;
				CLANG_WARN_DIRECT_OBJC_ISA_USAGE = YES_ERROR;
				CLANG_WARN_DOCUMENTATION_COMMENTS = YES;
				CLANG_WARN_EMPTY_BODY = YES;
				CLANG_WARN_ENUM_CONVERSION = YES;
				CLANG_WARN_INFINITE_RECURSION = YES;
				CLANG_WARN_INT_CONVERSION = YES;
				CLANG_WARN_NON_LITERAL_NULL_CONVERSION = YES;
				CLANG_WARN_OBJC_IMPLICIT_RETAIN_SELF = YES;
				CLANG_WARN_OBJC_LITERAL_CONVERSION = YES;
				CLANG_WARN_OBJC_ROOT_CLASS = YES_ERROR;
				CLANG_WARN_RANGE_LOOP_ANALYSIS = YES;
				CLANG_WARN_STRICT_PROTOTYPES = YES;
				CLANG_WARN_SUSPICIOUS_MOVE = YES;
				CLANG_WARN_UNGUARDED_AVAILABILITY = YES_AGGRESSIVE;
				CLANG_WARN_UNREACHABLE_CODE = YES;
				CLANG_WARN__DUPLICATE_METHOD_MATCH = YES;
				CODE_SIGN_IDENTITY = "iPhone Developer";
				COPY_PHASE_STRIP = NO;
				DEBUG_INFORMATION_FORMAT = "dwarf-with-dsym";
				ENABLE_NS_ASSERTIONS = NO;
				ENABLE_STRICT_OBJC_MSGSEND = YES;
				GCC_C_LANGUAGE_STANDARD = gnu11;
				GCC_NO_COMMON_BLOCKS = YES;
				GCC_WARN_64_TO_32_BIT_CONVERSION = YES;
				GCC_WARN_ABOUT_RETURN_TYPE = YES_ERROR;
				GCC_WARN_UNDECLARED_SELECTOR = YES;
				GCC_WARN_UNINITIALIZED_AUTOS = YES_AGGRESSIVE;
				GCC_WARN_UNUSED_FUNCTION = YES;
				GCC_WARN_UNUSED_VARIABLE = YES;
				IPHONEOS_DEPLOYMENT_TARGET = 12.1;
				MTL_ENABLE_DEBUG_INFO = NO;
				MTL_FAST_MATH = YES;
				SDKROOT = iphoneos;
				SWIFT_COMPILATION_MODE = wholemodule;
				SWIFT_OPTIMIZATION_LEVEL = "-O";
				VALIDATE_PRODUCT = YES;
			};
			name = Release;
		};
		F89E02D221A5539000BB53C7 /* Debug */ = {
			isa = XCBuildConfiguration;
			baseConfigurationReference = 7105CE4B960862BEE5EC7D69 /* Pods-PodigeeEmbedKitDemo.debug.xcconfig */;
			buildSettings = {
				ASSETCATALOG_COMPILER_APPICON_NAME = AppIcon;
				CODE_SIGN_STYLE = Automatic;
				DEVELOPMENT_TEAM = Y85FVF2A97;
				INFOPLIST_FILE = PodigeeEmbedKitDemo/Info.plist;
				LD_RUNPATH_SEARCH_PATHS = (
					"$(inherited)",
					"@executable_path/Frameworks",
				);
				PRODUCT_BUNDLE_IDENTIFIER = com.podigee.PodigeeEmbedKitDemo;
				PRODUCT_NAME = "$(TARGET_NAME)";
				SWIFT_VERSION = 5.0;
				TARGETED_DEVICE_FAMILY = "1,2";
			};
			name = Debug;
		};
		F89E02D321A5539000BB53C7 /* Release */ = {
			isa = XCBuildConfiguration;
			baseConfigurationReference = 6387F81DE520EBD763FF8AA4 /* Pods-PodigeeEmbedKitDemo.release.xcconfig */;
			buildSettings = {
				ASSETCATALOG_COMPILER_APPICON_NAME = AppIcon;
				CODE_SIGN_STYLE = Automatic;
				DEVELOPMENT_TEAM = Y85FVF2A97;
				INFOPLIST_FILE = PodigeeEmbedKitDemo/Info.plist;
				LD_RUNPATH_SEARCH_PATHS = (
					"$(inherited)",
					"@executable_path/Frameworks",
				);
				PRODUCT_BUNDLE_IDENTIFIER = com.podigee.PodigeeEmbedKitDemo;
				PRODUCT_NAME = "$(TARGET_NAME)";
				SWIFT_VERSION = 5.0;
				TARGETED_DEVICE_FAMILY = "1,2";
			};
			name = Release;
		};
/* End XCBuildConfiguration section */

/* Begin XCConfigurationList section */
		F89E02BA21A5538E00BB53C7 /* Build configuration list for PBXProject "PodigeeEmbedKitDemo" */ = {
			isa = XCConfigurationList;
			buildConfigurations = (
				F89E02CF21A5539000BB53C7 /* Debug */,
				F89E02D021A5539000BB53C7 /* Release */,
			);
			defaultConfigurationIsVisible = 0;
			defaultConfigurationName = Release;
		};
		F89E02D121A5539000BB53C7 /* Build configuration list for PBXNativeTarget "PodigeeEmbedKitDemo" */ = {
			isa = XCConfigurationList;
			buildConfigurations = (
				F89E02D221A5539000BB53C7 /* Debug */,
				F89E02D321A5539000BB53C7 /* Release */,
			);
			defaultConfigurationIsVisible = 0;
			defaultConfigurationName = Release;
		};
/* End XCConfigurationList section */
	};
	rootObject = F89E02B721A5538E00BB53C7 /* Project object */;
}
